
Microsoft Visual Studio Solution File, Format Version 12.00
# Visual Studio Version 16
VisualStudioVersion = 16.0.810.23
MinimumVisualStudioVersion = 10.0.40219.1
Project("{FAE04EC0-301F-11D3-BF4B-00C04F79EFBC}") = "Haustierverwaltung", "Haustierverwaltung\Haustierverwaltung.csproj", "{867A5330-9954-4319-B496-469E97FE3BFB}"
EndProject
Project("{FAE04EC0-301F-11D3-BF4B-00C04F79EFBC}") = "Haustiere", "Haustiere\Haustiere.csproj", "{53B11189-DD38-473C-AFDA-1D3581CE2FDC}"
EndProject
Global
	GlobalSection(SolutionConfigurationPlatforms) = preSolution
		Debug|Any CPU = Debug|Any CPU
		Release|Any CPU = Release|Any CPU
	EndGlobalSection
	GlobalSection(ProjectConfigurationPlatforms) = postSolution
		{867A5330-9954-4319-B496-469E97FE3BFB}.Debug|Any CPU.ActiveCfg = Debug|Any CPU
		{867A5330-9954-4319-B496-469E97FE3BFB}.Debug|Any CPU.Build.0 = Debug|Any CPU
		{867A5330-9954-4319-B496-469E97FE3BFB}.Release|Any CPU.ActiveCfg = Release|Any CPU
		{867A5330-9954-4319-B496-469E97FE3BFB}.Release|Any CPU.Build.0 = Release|Any CPU
		{53B11189-DD38-473C-AFDA-1D3581CE2FDC}.Debug|Any CPU.ActiveCfg = Debug|Any CPU
		{53B11189-DD38-473C-AFDA-1D3581CE2FDC}.Debug|Any CPU.Build.0 = Debug|Any CPU
		{53B11189-DD38-473C-AFDA-1D3581CE2FDC}.Release|Any CPU.ActiveCfg = Release|Any CPU
		{53B11189-DD38-473C-AFDA-1D3581CE2FDC}.Release|Any CPU.Build.0 = Release|Any CPU
	EndGlobalSection
	GlobalSection(SolutionProperties) = preSolution
		HideSolutionNode = FALSE
	EndGlobalSection
	GlobalSection(ExtensibilityGlobals) = postSolution
		SolutionGuid = {C22CCC52-6FBE-4075-B154-BC029A23BA93}
	EndGlobalSection
EndGlobal
